
Microsoft Visual Studio Solution File, Format Version 12.00
# Visual Studio Version 17
VisualStudioVersion = 17.4.33213.308
MinimumVisualStudioVersion = 10.0.40219.1
Project("{2150E333-8FDC-42A3-9474-1A3956D46DE8}") = "Gateways", "Gateways", "{49C8B4AF-EED2-4BFC-8439-84B83D4164F5}"
EndProject
Project("{9A19103F-16F7-4668-BE54-9A1E7A4F7556}") = "MShop.ApiGateway", "Gateways\MShop.ApiGateway\MShop.ApiGateway.csproj", "{0F5750CC-5962-4469-93BD-DF818032825F}"
EndProject
Project("{2150E333-8FDC-42A3-9474-1A3956D46DE8}") = "Services", "Services", "{1E336D7C-80D1-4C07-BE8D-717FE3CC9247}"
EndProject
Project("{2150E333-8FDC-42A3-9474-1A3956D46DE8}") = "Commons", "Commons", "{7EB71D95-C6DC-45F8-AA4B-993FAA57A90B}"
EndProject
Project("{9A19103F-16F7-4668-BE54-9A1E7A4F7556}") = "MShop.Infrastructure", "Commons\MShop.Infrastructure\MShop.Infrastructure.csproj", "{3EE22AE6-5EB4-4FFA-AFEF-133EF7395256}"
EndProject
Project("{2150E333-8FDC-42A3-9474-1A3956D46DE8}") = "Solution Items", "Solution Items", "{2BED3D82-341F-4705-8E98-03E5C23C4ED8}"
EndProject
Project("{E53339B2-1760-4266-BCC7-CA923CBCF16C}") = "docker-compose", "docker-compose.dcproj", "{E117F262-C9CA-4790-8525-0E0F87B91754}"
EndProject
Project("{2150E333-8FDC-42A3-9474-1A3956D46DE8}") = "Product", "Product", "{49DE7483-C707-43F9-9A78-65F3F232652D}"
EndProject
Project("{9A19103F-16F7-4668-BE54-9A1E7A4F7556}") = "MShop.Product.Api", "Services\Products\MShop.Product.Api\MShop.Product.Api.csproj", "{AEB837B9-2E33-4BAC-B62B-2A6443BFBB10}"
EndProject
Project("{9A19103F-16F7-4668-BE54-9A1E7A4F7556}") = "MShop.Product.Query.Api", "Services\Products\MShop.Product.Query.Api\MShop.Product.Query.Api.csproj", "{9B7EDB99-04CC-49A5-B0C3-6F4BA34B087F}"
EndProject
Project("{2150E333-8FDC-42A3-9474-1A3956D46DE8}") = "Order", "Order", "{DD95C1F6-83CA-4EA6-9AEA-350E8D61CC33}"
EndProject
Project("{9A19103F-16F7-4668-BE54-9A1E7A4F7556}") = "MShop.Order.Api", "Services\Orders\MShop.Order.Api\MShop.Order.Api.csproj", "{09E90138-2DB0-41AF-9E4C-AE5B664627EF}"
EndProject
Project("{2150E333-8FDC-42A3-9474-1A3956D46DE8}") = "Users", "Users", "{B2F4B57A-2F0D-438C-92A5-2E85D32CCCB6}"
EndProject
Project("{9A19103F-16F7-4668-BE54-9A1E7A4F7556}") = "MShop.User.Api", "Services\Users\MShop.User.Api\MShop.User.Api.csproj", "{9C1A178D-A34C-4E66-8B91-79A3D0F11F9E}"
EndProject
Project("{FAE04EC0-301F-11D3-BF4B-00C04F79EFBC}") = "MShop.Product.DataProvider", "Services\Products\MShop.Product.DataProvider\MShop.Product.DataProvider.csproj", "{7691F7F5-BE37-4C95-A40F-DA7B27833404}"
EndProject
Global
	GlobalSection(SolutionConfigurationPlatforms) = preSolution
		Debug|Any CPU = Debug|Any CPU
		Release|Any CPU = Release|Any CPU
	EndGlobalSection
	GlobalSection(ProjectConfigurationPlatforms) = postSolution
		{0F5750CC-5962-4469-93BD-DF818032825F}.Debug|Any CPU.ActiveCfg = Debug|Any CPU
		{0F5750CC-5962-4469-93BD-DF818032825F}.Debug|Any CPU.Build.0 = Debug|Any CPU
		{0F5750CC-5962-4469-93BD-DF818032825F}.Release|Any CPU.ActiveCfg = Release|Any CPU
		{0F5750CC-5962-4469-93BD-DF818032825F}.Release|Any CPU.Build.0 = Release|Any CPU
		{3EE22AE6-5EB4-4FFA-AFEF-133EF7395256}.Debug|Any CPU.ActiveCfg = Debug|Any CPU
		{3EE22AE6-5EB4-4FFA-AFEF-133EF7395256}.Debug|Any CPU.Build.0 = Debug|Any CPU
		{3EE22AE6-5EB4-4FFA-AFEF-133EF7395256}.Release|Any CPU.ActiveCfg = Release|Any CPU
		{3EE22AE6-5EB4-4FFA-AFEF-133EF7395256}.Release|Any CPU.Build.0 = Release|Any CPU
		{E117F262-C9CA-4790-8525-0E0F87B91754}.Debug|Any CPU.ActiveCfg = Debug|Any CPU
		{E117F262-C9CA-4790-8525-0E0F87B91754}.Debug|Any CPU.Build.0 = Debug|Any CPU
		{E117F262-C9CA-4790-8525-0E0F87B91754}.Release|Any CPU.ActiveCfg = Release|Any CPU
		{E117F262-C9CA-4790-8525-0E0F87B91754}.Release|Any CPU.Build.0 = Release|Any CPU
		{AEB837B9-2E33-4BAC-B62B-2A6443BFBB10}.Debug|Any CPU.ActiveCfg = Debug|Any CPU
		{AEB837B9-2E33-4BAC-B62B-2A6443BFBB10}.Debug|Any CPU.Build.0 = Debug|Any CPU
		{AEB837B9-2E33-4BAC-B62B-2A6443BFBB10}.Release|Any CPU.ActiveCfg = Release|Any CPU
		{AEB837B9-2E33-4BAC-B62B-2A6443BFBB10}.Release|Any CPU.Build.0 = Release|Any CPU
		{9B7EDB99-04CC-49A5-B0C3-6F4BA34B087F}.Debug|Any CPU.ActiveCfg = Debug|Any CPU
		{9B7EDB99-04CC-49A5-B0C3-6F4BA34B087F}.Debug|Any CPU.Build.0 = Debug|Any CPU
		{9B7EDB99-04CC-49A5-B0C3-6F4BA34B087F}.Release|Any CPU.ActiveCfg = Release|Any CPU
		{9B7EDB99-04CC-49A5-B0C3-6F4BA34B087F}.Release|Any CPU.Build.0 = Release|Any CPU
		{09E90138-2DB0-41AF-9E4C-AE5B664627EF}.Debug|Any CPU.ActiveCfg = Debug|Any CPU
		{09E90138-2DB0-41AF-9E4C-AE5B664627EF}.Debug|Any CPU.Build.0 = Debug|Any CPU
		{09E90138-2DB0-41AF-9E4C-AE5B664627EF}.Release|Any CPU.ActiveCfg = Release|Any CPU
		{09E90138-2DB0-41AF-9E4C-AE5B664627EF}.Release|Any CPU.Build.0 = Release|Any CPU
		{9C1A178D-A34C-4E66-8B91-79A3D0F11F9E}.Debug|Any CPU.ActiveCfg = Debug|Any CPU
		{9C1A178D-A34C-4E66-8B91-79A3D0F11F9E}.Debug|Any CPU.Build.0 = Debug|Any CPU
		{9C1A178D-A34C-4E66-8B91-79A3D0F11F9E}.Release|Any CPU.ActiveCfg = Release|Any CPU
		{9C1A178D-A34C-4E66-8B91-79A3D0F11F9E}.Release|Any CPU.Build.0 = Release|Any CPU
		{7691F7F5-BE37-4C95-A40F-DA7B27833404}.Debug|Any CPU.ActiveCfg = Debug|Any CPU
		{7691F7F5-BE37-4C95-A40F-DA7B27833404}.Debug|Any CPU.Build.0 = Debug|Any CPU
		{7691F7F5-BE37-4C95-A40F-DA7B27833404}.Release|Any CPU.ActiveCfg = Release|Any CPU
		{7691F7F5-BE37-4C95-A40F-DA7B27833404}.Release|Any CPU.Build.0 = Release|Any CPU
	EndGlobalSection
	GlobalSection(SolutionProperties) = preSolution
		HideSolutionNode = FALSE
	EndGlobalSection
	GlobalSection(NestedProjects) = preSolution
		{0F5750CC-5962-4469-93BD-DF818032825F} = {49C8B4AF-EED2-4BFC-8439-84B83D4164F5}
		{3EE22AE6-5EB4-4FFA-AFEF-133EF7395256} = {7EB71D95-C6DC-45F8-AA4B-993FAA57A90B}
		{49DE7483-C707-43F9-9A78-65F3F232652D} = {1E336D7C-80D1-4C07-BE8D-717FE3CC9247}
		{AEB837B9-2E33-4BAC-B62B-2A6443BFBB10} = {49DE7483-C707-43F9-9A78-65F3F232652D}
		{9B7EDB99-04CC-49A5-B0C3-6F4BA34B087F} = {49DE7483-C707-43F9-9A78-65F3F232652D}
		{DD95C1F6-83CA-4EA6-9AEA-350E8D61CC33} = {1E336D7C-80D1-4C07-BE8D-717FE3CC9247}
		{09E90138-2DB0-41AF-9E4C-AE5B664627EF} = {DD95C1F6-83CA-4EA6-9AEA-350E8D61CC33}
		{B2F4B57A-2F0D-438C-92A5-2E85D32CCCB6} = {1E336D7C-80D1-4C07-BE8D-717FE3CC9247}
		{9C1A178D-A34C-4E66-8B91-79A3D0F11F9E} = {B2F4B57A-2F0D-438C-92A5-2E85D32CCCB6}
		{7691F7F5-BE37-4C95-A40F-DA7B27833404} = {49DE7483-C707-43F9-9A78-65F3F232652D}
	EndGlobalSection
	GlobalSection(ExtensibilityGlobals) = postSolution
		SolutionGuid = {66360196-F4DE-49D6-BC48-268E96AA95CC}
	EndGlobalSection
EndGlobal
